
Microsoft Visual Studio Solution File, Format Version 12.00
# Visual Studio Version 16
VisualStudioVersion = 16.0.32126.315
MinimumVisualStudioVersion = 10.0.40219.1
Project("{FAE04EC0-301F-11D3-BF4B-00C04F79EFBC}") = "SnifferTestThird", "SnifferTestThird\SnifferTestThird.csproj", "{0556D24D-216D-47CE-B8B4-FD8196C65010}"
EndProject
Global
	GlobalSection(SolutionConfigurationPlatforms) = preSolution
		Debug|Any CPU = Debug|Any CPU
		Release|Any CPU = Release|Any CPU
	EndGlobalSection
	GlobalSection(ProjectConfigurationPlatforms) = postSolution
		{0556D24D-216D-47CE-B8B4-FD8196C65010}.Debug|Any CPU.ActiveCfg = Debug|Any CPU
		{0556D24D-216D-47CE-B8B4-FD8196C65010}.Debug|Any CPU.Build.0 = Debug|Any CPU
		{0556D24D-216D-47CE-B8B4-FD8196C65010}.Release|Any CPU.ActiveCfg = Release|Any CPU
		{0556D24D-216D-47CE-B8B4-FD8196C65010}.Release|Any CPU.Build.0 = Release|Any CPU
	EndGlobalSection
	GlobalSection(SolutionProperties) = preSolution
		HideSolutionNode = FALSE
	EndGlobalSection
	GlobalSection(ExtensibilityGlobals) = postSolution
		SolutionGuid = {1813EDAE-689F-49AE-AA23-E18C0E4FA88A}
	EndGlobalSection
EndGlobal
